<?xml version="1.0" encoding="utf-8"?>
<Project ToolsVersion="4.0" xmlns="http://schemas.microsoft.com/developer/msbuild/2003">
  <ItemGroup>
    <Filter Include="libminitrig">
      <UniqueIdentifier>{93995380-89BD-4b04-88EB-625FBE52EBFB}</UniqueIdentifier>
      <Extensions>h;hh;hpp;hxx;hm;inl;inc;xsd</Extensions>
    </Filter>
    <Filter Include="3rdparty">
      <UniqueIdentifier>{c3626a10-dc54-4363-b6d8-0a02fe5a6e3a}</UniqueIdentifier>
    </Filter>
    <Filter Include="3rdparty\Precision">
      <UniqueIdentifier>{4db745b4-0aad-4e27-8129-dfc46724ede8}</UniqueIdentifier>
    </Filter>
  </ItemGroup>
  <ItemGroup>
    <ClCompile Include="..\libminitrig\_misc.cpp">
      <Filter>libminitrig</Filter>
    </ClCompile>
    <ClCompile Include="..\3rdparty\Precision\precisioncore.cpp">
      <Filter>3rdparty\Precision</Filter>
    </ClCompile>
    <ClCompile Include="..\libminitrig\_sin-f32.cpp">
      <Filter>libminitrig</Filter>
    </ClCompile>
    <ClCompile Include="..\libminitrig\_cos-f32.cpp">
      <Filter>libminitrig</Filter>
    </ClCompile>
    <ClCompile Include="..\libminitrig\_arcsin-f32.cpp">
      <Filter>libminitrig</Filter>
    </ClCompile>
    <ClCompile Include="..\libminitrig\_arccos-f32.cpp">
      <Filter>libminitrig</Filter>
    </ClCompile>
    <ClCompile Include="..\libminitrig\include-highprec.cpp">
      <Filter>libminitrig</Filter>
    </ClCompile>
    <ClCompile Include="..\libminitrig\include-cmath.cpp">
      <Filter>libminitrig</Filter>
    </ClCompile>
  </ItemGroup>
  <ItemGroup>
    <ClInclude Include="..\libminitrig\_misc.hpp">
      <Filter>libminitrig</Filter>
    </ClInclude>
    <ClInclude Include="..\3rdparty\Precision\fprecision.h">
      <Filter>3rdparty\Precision</Filter>
    </ClInclude>
    <ClInclude Include="..\3rdparty\Precision\iprecision.h">
      <Filter>3rdparty\Precision</Filter>
    </ClInclude>
    <ClInclude Include="..\libminitrig\include-highprec.hpp">
      <Filter>libminitrig</Filter>
    </ClInclude>
    <ClInclude Include="..\libminitrig\include-f32.hpp">
      <Filter>libminitrig</Filter>
    </ClInclude>
    <ClInclude Include="..\libminitrig\include-cmath.hpp">
      <Filter>libminitrig</Filter>
    </ClInclude>
  </ItemGroup>
</Project>